Microsoft Visual Studio Solution File, Format Version 12.00
# Visual Studio Version 16
VisualStudioVersion = 16.0.0.0
MinimumVisualStudioVersion = 16.0.0.0
Project("{9A19103F-16F7-4668-BE54-9A1E7A4F7556}") = "MudRoles", "MudRoles\MudRoles.csproj", "{0EC99DB3-0B71-4285-942F-A93434BC104C}"
EndProject
Project("{9A19103F-16F7-4668-BE54-9A1E7A4F7556}") = "MudRoles.Client", "MudRoles.Client\MudRoles.Client.csproj", "{3A2009B4-E7D3-4F91-9F1E-ECA849C01FD0}"
EndProject
Global
	GlobalSection(SolutionConfigurationPlatforms) = preSolution
		Debug|Any CPU = Debug|Any CPU
		Debug|x64 = Debug|x64
		Debug|x86 = Debug|x86
		Release|Any CPU = Release|Any CPU
		Release|x64 = Release|x64
		Release|x86 = Release|x86
	EndGlobalSection
	GlobalSection(ProjectConfigurationPlatforms) = postSolution
		{3A2009B4-E7D3-4F91-9F1E-ECA849C01FD0}.Debug|Any CPU.ActiveCfg = Debug|Any CPU
		{3A2009B4-E7D3-4F91-9F1E-ECA849C01FD0}.Debug|Any CPU.Build.0 = Debug|Any CPU
		{3A2009B4-E7D3-4F91-9F1E-ECA849C01FD0}.Debug|x64.ActiveCfg = Debug|Any CPU
		{3A2009B4-E7D3-4F91-9F1E-ECA849C01FD0}.Debug|x64.Build.0 = Debug|Any CPU
		{3A2009B4-E7D3-4F91-9F1E-ECA849C01FD0}.Debug|x86.ActiveCfg = Debug|Any CPU
		{3A2009B4-E7D3-4F91-9F1E-ECA849C01FD0}.Debug|x86.Build.0 = Debug|Any CPU
		{3A2009B4-E7D3-4F91-9F1E-ECA849C01FD0}.Release|Any CPU.ActiveCfg = Release|Any CPU
		{3A2009B4-E7D3-4F91-9F1E-ECA849C01FD0}.Release|Any CPU.Build.0 = Release|Any CPU
		{3A2009B4-E7D3-4F91-9F1E-ECA849C01FD0}.Release|x64.ActiveCfg = Release|Any CPU
		{3A2009B4-E7D3-4F91-9F1E-ECA849C01FD0}.Release|x64.Build.0 = Release|Any CPU
		{3A2009B4-E7D3-4F91-9F1E-ECA849C01FD0}.Release|x86.ActiveCfg = Release|Any CPU
		{3A2009B4-E7D3-4F91-9F1E-ECA849C01FD0}.Release|x86.Build.0 = Release|Any CPU
		{0EC99DB3-0B71-4285-942F-A93434BC104C}.Debug|Any CPU.ActiveCfg = Debug|Any CPU
		{0EC99DB3-0B71-4285-942F-A93434BC104C}.Debug|Any CPU.Build.0 = Debug|Any CPU
		{0EC99DB3-0B71-4285-942F-A93434BC104C}.Debug|x64.ActiveCfg = Debug|Any CPU
		{0EC99DB3-0B71-4285-942F-A93434BC104C}.Debug|x64.Build.0 = Debug|Any CPU
		{0EC99DB3-0B71-4285-942F-A93434BC104C}.Debug|x86.ActiveCfg = Debug|Any CPU
		{0EC99DB3-0B71-4285-942F-A93434BC104C}.Debug|x86.Build.0 = Debug|Any CPU
		{0EC99DB3-0B71-4285-942F-A93434BC104C}.Release|Any CPU.ActiveCfg = Release|Any CPU
		{0EC99DB3-0B71-4285-942F-A93434BC104C}.Release|Any CPU.Build.0 = Release|Any CPU
		{0EC99DB3-0B71-4285-942F-A93434BC104C}.Release|x64.ActiveCfg = Release|Any CPU
		{0EC99DB3-0B71-4285-942F-A93434BC104C}.Release|x64.Build.0 = Release|Any CPU
		{0EC99DB3-0B71-4285-942F-A93434BC104C}.Release|x86.ActiveCfg = Release|Any CPU
		{0EC99DB3-0B71-4285-942F-A93434BC104C}.Release|x86.Build.0 = Release|Any CPU
	EndGlobalSection
	GlobalSection(SolutionProperties) = preSolution
		HideSolutionNode = FALSE
	EndGlobalSection
	GlobalSection(ExtensibilityGlobals) = postSolution
		SolutionGuid = {E448482C-FDE8-425B-B22D-B7115D368CE8}
	EndGlobalSection
EndGlobal
